
Microsoft Visual Studio Solution File, Format Version 11.00
# Visual Studio 2010
Project("{FAE04EC0-301F-11D3-BF4B-00C04F79EFBC}") = "FYP Campaign DSS Project", "FYP Campaign DSS Project\FYP Campaign DSS Project.csproj", "{AA2DC172-87DE-4EF3-80B3-E6953B06564D}"
EndProject
Project("{FAE04EC0-301F-11D3-BF4B-00C04F79EFBC}") = "FYP Class Library", "FYP Class Library\FYP Class Library.csproj", "{7B92867F-DF89-4395-8C82-574799828AD4}"
EndProject
Project("{FAE04EC0-301F-11D3-BF4B-00C04F79EFBC}") = "Program", "Program\Program.csproj", "{07ED6EFB-4E23-4F3A-A71C-B74DDE609C4F}"
EndProject
Global
	GlobalSection(SolutionConfigurationPlatforms) = preSolution
		Debug|Any CPU = Debug|Any CPU
		Debug|Mixed Platforms = Debug|Mixed Platforms
		Debug|x86 = Debug|x86
		Release|Any CPU = Release|Any CPU
		Release|Mixed Platforms = Release|Mixed Platforms
		Release|x86 = Release|x86
	EndGlobalSection
	GlobalSection(ProjectConfigurationPlatforms) = postSolution
		{AA2DC172-87DE-4EF3-80B3-E6953B06564D}.Debug|Any CPU.ActiveCfg = Debug|x86
		{AA2DC172-87DE-4EF3-80B3-E6953B06564D}.Debug|Mixed Platforms.ActiveCfg = Debug|x86
		{AA2DC172-87DE-4EF3-80B3-E6953B06564D}.Debug|Mixed Platforms.Build.0 = Debug|x86
		{AA2DC172-87DE-4EF3-80B3-E6953B06564D}.Debug|x86.ActiveCfg = Debug|x86
		{AA2DC172-87DE-4EF3-80B3-E6953B06564D}.Debug|x86.Build.0 = Debug|x86
		{AA2DC172-87DE-4EF3-80B3-E6953B06564D}.Release|Any CPU.ActiveCfg = Release|x86
		{AA2DC172-87DE-4EF3-80B3-E6953B06564D}.Release|Mixed Platforms.ActiveCfg = Release|x86
		{AA2DC172-87DE-4EF3-80B3-E6953B06564D}.Release|Mixed Platforms.Build.0 = Release|x86
		{AA2DC172-87DE-4EF3-80B3-E6953B06564D}.Release|x86.ActiveCfg = Release|x86
		{AA2DC172-87DE-4EF3-80B3-E6953B06564D}.Release|x86.Build.0 = Release|x86
		{7B92867F-DF89-4395-8C82-574799828AD4}.Debug|Any CPU.ActiveCfg = Debug|Any CPU
		{7B92867F-DF89-4395-8C82-574799828AD4}.Debug|Any CPU.Build.0 = Debug|Any CPU
		{7B92867F-DF89-4395-8C82-574799828AD4}.Debug|Mixed Platforms.ActiveCfg = Debug|Any CPU
		{7B92867F-DF89-4395-8C82-574799828AD4}.Debug|Mixed Platforms.Build.0 = Debug|Any CPU
		{7B92867F-DF89-4395-8C82-574799828AD4}.Debug|x86.ActiveCfg = Debug|Any CPU
		{7B92867F-DF89-4395-8C82-574799828AD4}.Release|Any CPU.ActiveCfg = Release|Any CPU
		{7B92867F-DF89-4395-8C82-574799828AD4}.Release|Any CPU.Build.0 = Release|Any CPU
		{7B92867F-DF89-4395-8C82-574799828AD4}.Release|Mixed Platforms.ActiveCfg = Release|Any CPU
		{7B92867F-DF89-4395-8C82-574799828AD4}.Release|Mixed Platforms.Build.0 = Release|Any CPU
		{7B92867F-DF89-4395-8C82-574799828AD4}.Release|x86.ActiveCfg = Release|Any CPU
		{07ED6EFB-4E23-4F3A-A71C-B74DDE609C4F}.Debug|Any CPU.ActiveCfg = Debug|Any CPU
		{07ED6EFB-4E23-4F3A-A71C-B74DDE609C4F}.Debug|Any CPU.Build.0 = Debug|Any CPU
		{07ED6EFB-4E23-4F3A-A71C-B74DDE609C4F}.Debug|Mixed Platforms.ActiveCfg = Debug|Any CPU
		{07ED6EFB-4E23-4F3A-A71C-B74DDE609C4F}.Debug|Mixed Platforms.Build.0 = Debug|Any CPU
		{07ED6EFB-4E23-4F3A-A71C-B74DDE609C4F}.Debug|x86.ActiveCfg = Debug|Any CPU
		{07ED6EFB-4E23-4F3A-A71C-B74DDE609C4F}.Release|Any CPU.ActiveCfg = Release|Any CPU
		{07ED6EFB-4E23-4F3A-A71C-B74DDE609C4F}.Release|Any CPU.Build.0 = Release|Any CPU
		{07ED6EFB-4E23-4F3A-A71C-B74DDE609C4F}.Release|Mixed Platforms.ActiveCfg = Release|Any CPU
		{07ED6EFB-4E23-4F3A-A71C-B74DDE609C4F}.Release|Mixed Platforms.Build.0 = Release|Any CPU
		{07ED6EFB-4E23-4F3A-A71C-B74DDE609C4F}.Release|x86.ActiveCfg = Release|Any CPU
	EndGlobalSection
	GlobalSection(SolutionProperties) = preSolution
		HideSolutionNode = FALSE
	EndGlobalSection
EndGlobal
